// !$*UTF8*$!
{
	archiveVersion = 1;
	classes = {
	};
	objectVersion = 56;
	objects = {

/* Begin PBXBuildFile section */
		786363612B9B4AD100E61271 /* FurnitureScreenApp.swift in Sources */ = {isa = PBXBuildFile; fileRef = 786363602B9B4AD100E61271 /* FurnitureScreenApp.swift */; };
		786363632B9B4AD100E61271 /* FurnitureScreen.swift in Sources */ = {isa = PBXBuildFile; fileRef = 786363622B9B4AD100E61271 /* FurnitureScreen.swift */; };
		786363652B9B4AD300E61271 /* Assets.xcassets in Resources */ = {isa = PBXBuildFile; fileRef = 786363642B9B4AD300E61271 /* Assets.xcassets */; };
		786363682B9B4AD300E61271 /* Preview Assets.xcassets in Resources */ = {isa = PBXBuildFile; fileRef = 786363672B9B4AD300E61271 /* Preview Assets.xcassets */; };
		786363712B9B4C7700E61271 /* Furniture3D.swift in Sources */ = {isa = PBXBuildFile; fileRef = 786363702B9B4C7700E61271 /* Furniture3D.swift */; };
		786363762B9B4DFD00E61271 /* ChairObject.scn in Resources */ = {isa = PBXBuildFile; fileRef = 786363752B9B4DFD00E61271 /* ChairObject.scn */; };
		786363782B9B4E8A00E61271 /* Furniture.swift in Sources */ = {isa = PBXBuildFile; fileRef = 786363772B9B4E8A00E61271 /* Furniture.swift */; };
		786363862B9B57CD00E61271 /* ModelData.swift in Sources */ = {isa = PBXBuildFile; fileRef = 786363852B9B57CD00E61271 /* ModelData.swift */; };
		78728BF02B9E309D00DB2FC9 /* productData.json in Resources */ = {isa = PBXBuildFile; fileRef = 786363792B9B504D00E61271 /* productData.json */; };
		787B42072B9E3A240074CC41 /* ModelView.swift in Sources */ = {isa = PBXBuildFile; fileRef = 787B42062B9E3A240074CC41 /* ModelView.swift */; };
		787B42092B9E45980074CC41 /* ProductsList.swift in Sources */ = {isa = PBXBuildFile; fileRef = 787B42082B9E45980074CC41 /* ProductsList.swift */; };
		789782D62BA113E200107543 /* Images.swift in Sources */ = {isa = PBXBuildFile; fileRef = 789782D52BA113E200107543 /* Images.swift */; };
/* End PBXBuildFile section */

/* Begin PBXFileReference section */
		7863635D2B9B4AD100E61271 /* FurnitureScreen.app */ = {isa = PBXFileReference; explicitFileType = wrapper.application; includeInIndex = 0; path = FurnitureScreen.app; sourceTree = BUILT_PRODUCTS_DIR; };
		786363602B9B4AD100E61271 /* FurnitureScreenApp.swift */ = {isa = PBXFileReference; lastKnownFileType = sourcecode.swift; path = FurnitureScreenApp.swift; sourceTree = "<group>"; };
		786363622B9B4AD100E61271 /* FurnitureScreen.swift */ = {isa = PBXFileReference; lastKnownFileType = sourcecode.swift; path = FurnitureScreen.swift; sourceTree = "<group>"; };
		786363642B9B4AD300E61271 /* Assets.xcassets */ = {isa = PBXFileReference; lastKnownFileType = folder.assetcatalog; path = Assets.xcassets; sourceTree = "<group>"; };
		786363672B9B4AD300E61271 /* Preview Assets.xcassets */ = {isa = PBXFileReference; lastKnownFileType = folder.assetcatalog; path = "Preview Assets.xcassets"; sourceTree = "<group>"; };
		786363702B9B4C7700E61271 /* Furniture3D.swift */ = {isa = PBXFileReference; lastKnownFileType = sourcecode.swift; path = Furniture3D.swift; sourceTree = "<group>"; };
		786363752B9B4DFD00E61271 /* ChairObject.scn */ = {isa = PBXFileReference; lastKnownFileType = file.bplist; path = ChairObject.scn; sourceTree = "<group>"; };
		786363772B9B4E8A00E61271 /* Furniture.swift */ = {isa = PBXFileReference; lastKnownFileType = sourcecode.swift; path = Furniture.swift; sourceTree = "<group>"; };
		786363792B9B504D00E61271 /* productData.json */ = {isa = PBXFileReference; lastKnownFileType = text.json; path = productData.json; sourceTree = "<group>"; };
		786363852B9B57CD00E61271 /* ModelData.swift */ = {isa = PBXFileReference; fileEncoding = 4; lastKnownFileType = sourcecode.swift; path = ModelData.swift; sourceTree = "<group>"; };
		787B42062B9E3A240074CC41 /* ModelView.swift */ = {isa = PBXFileReference; lastKnownFileType = sourcecode.swift; path = ModelView.swift; sourceTree = "<group>"; };
		787B42082B9E45980074CC41 /* ProductsList.swift */ = {isa = PBXFileReference; lastKnownFileType = sourcecode.swift; path = ProductsList.swift; sourceTree = "<group>"; };
		789782D52BA113E200107543 /* Images.swift */ = {isa = PBXFileReference; lastKnownFileType = sourcecode.swift; path = Images.swift; sourceTree = "<group>"; };
/* End PBXFileReference section */

/* Begin PBXFrameworksBuildPhase section */
		7863635A2B9B4AD100E61271 /* Frameworks */ = {
			isa = PBXFrameworksBuildPhase;
			buildActionMask = 2147483647;
			files = (
			);
			runOnlyForDeploymentPostprocessing = 0;
		};
/* End PBXFrameworksBuildPhase section */

/* Begin PBXGroup section */
		786363542B9B4AD000E61271 = {
			isa = PBXGroup;
			children = (
				7863635F2B9B4AD100E61271 /* FurnitureScreen */,
				7863635E2B9B4AD100E61271 /* Products */,
			);
			sourceTree = "<group>";
		};
		7863635E2B9B4AD100E61271 /* Products */ = {
			isa = PBXGroup;
			children = (
				7863635D2B9B4AD100E61271 /* FurnitureScreen.app */,
			);
			name = Products;
			sourceTree = "<group>";
		};
		7863635F2B9B4AD100E61271 /* FurnitureScreen */ = {
			isa = PBXGroup;
			children = (
				786363602B9B4AD100E61271 /* FurnitureScreenApp.swift */,
				7863636E2B9B4B6C00E61271 /* Views */,
				786363842B9B563000E61271 /* Model */,
				789782D72BA121B100107543 /* ModelView */,
				786363742B9B4DA600E61271 /* Objects */,
				786363642B9B4AD300E61271 /* Assets.xcassets */,
				786363792B9B504D00E61271 /* productData.json */,
				786363662B9B4AD300E61271 /* Preview Content */,
			);
			path = FurnitureScreen;
			sourceTree = "<group>";
		};
		786363662B9B4AD300E61271 /* Preview Content */ = {
			isa = PBXGroup;
			children = (
				786363672B9B4AD300E61271 /* Preview Assets.xcassets */,
			);
			path = "Preview Content";
			sourceTree = "<group>";
		};
		7863636E2B9B4B6C00E61271 /* Views */ = {
			isa = PBXGroup;
			children = (
				787B42082B9E45980074CC41 /* ProductsList.swift */,
				786363622B9B4AD100E61271 /* FurnitureScreen.swift */,
				7863636F2B9B4B7500E61271 /* Helpers */,
			);
			path = Views;
			sourceTree = "<group>";
		};
		7863636F2B9B4B7500E61271 /* Helpers */ = {
			isa = PBXGroup;
			children = (
				786363702B9B4C7700E61271 /* Furniture3D.swift */,
				789782D52BA113E200107543 /* Images.swift */,
			);
			path = Helpers;
			sourceTree = "<group>";
		};
		786363742B9B4DA600E61271 /* Objects */ = {
			isa = PBXGroup;
			children = (
				786363752B9B4DFD00E61271 /* ChairObject.scn */,
			);
			path = Objects;
			sourceTree = "<group>";
		};
		786363842B9B563000E61271 /* Model */ = {
			isa = PBXGroup;
			children = (
				786363852B9B57CD00E61271 /* ModelData.swift */,
				786363772B9B4E8A00E61271 /* Furniture.swift */,
			);
			path = Model;
			sourceTree = "<group>";
		};
		789782D72BA121B100107543 /* ModelView */ = {
			isa = PBXGroup;
			children = (
				787B42062B9E3A240074CC41 /* ModelView.swift */,
			);
			path = ModelView;
			sourceTree = "<group>";
		};
/* End PBXGroup section */

/* Begin PBXNativeTarget section */
		7863635C2B9B4AD100E61271 /* FurnitureScreen */ = {
			isa = PBXNativeTarget;
			buildConfigurationList = 7863636B2B9B4AD300E61271 /* Build configuration list for PBXNativeTarget "FurnitureScreen" */;
			buildPhases = (
				786363592B9B4AD100E61271 /* Sources */,
				7863635A2B9B4AD100E61271 /* Frameworks */,
				7863635B2B9B4AD100E61271 /* Resources */,
			);
			buildRules = (
			);
			dependencies = (
			);
			name = FurnitureScreen;
			productName = FurnitureScreen;
			productReference = 7863635D2B9B4AD100E61271 /* FurnitureScreen.app */;
			productType = "com.apple.product-type.application";
		};
/* End PBXNativeTarget section */

/* Begin PBXProject section */
		786363552B9B4AD000E61271 /* Project object */ = {
			isa = PBXProject;
			attributes = {
				BuildIndependentTargetsInParallel = 1;
				LastSwiftUpdateCheck = 1520;
				LastUpgradeCheck = 1520;
				TargetAttributes = {
					7863635C2B9B4AD100E61271 = {
						CreatedOnToolsVersion = 15.2;
					};
				};
			};
			buildConfigurationList = 786363582B9B4AD000E61271 /* Build configuration list for PBXProject "FurnitureScreen" */;
			compatibilityVersion = "Xcode 14.0";
			developmentRegion = en;
			hasScannedForEncodings = 0;
			knownRegions = (
				en,
				Base,
			);
			mainGroup = 786363542B9B4AD000E61271;
			productRefGroup = 7863635E2B9B4AD100E61271 /* Products */;
			projectDirPath = "";
			projectRoot = "";
			targets = (
				7863635C2B9B4AD100E61271 /* FurnitureScreen */,
			);
		};
/* End PBXProject section */

/* Begin PBXResourcesBuildPhase section */
		7863635B2B9B4AD100E61271 /* Resources */ = {
			isa = PBXResourcesBuildPhase;
			buildActionMask = 2147483647;
			files = (
				78728BF02B9E309D00DB2FC9 /* productData.json in Resources */,
				786363762B9B4DFD00E61271 /* ChairObject.scn in Resources */,
				786363682B9B4AD300E61271 /* Preview Assets.xcassets in Resources */,
				786363652B9B4AD300E61271 /* Assets.xcassets in Resources */,
			);
			runOnlyForDeploymentPostprocessing = 0;
		};
/* End PBXResourcesBuildPhase section */

/* Begin PBXSourcesBuildPhase section */
		786363592B9B4AD100E61271 /* Sources */ = {
			isa = PBXSourcesBuildPhase;
			buildActionMask = 2147483647;
			files = (
				787B42092B9E45980074CC41 /* ProductsList.swift in Sources */,
				787B42072B9E3A240074CC41 /* ModelView.swift in Sources */,
				786363712B9B4C7700E61271 /* Furniture3D.swift in Sources */,
				786363632B9B4AD100E61271 /* FurnitureScreen.swift in Sources */,
				786363862B9B57CD00E61271 /* ModelData.swift in Sources */,
				789782D62BA113E200107543 /* Images.swift in Sources */,
				786363612B9B4AD100E61271 /* FurnitureScreenApp.swift in Sources */,
				786363782B9B4E8A00E61271 /* Furniture.swift in Sources */,
			);
			runOnlyForDeploymentPostprocessing = 0;
		};
/* End PBXSourcesBuildPhase section */

/* Begin XCBuildConfiguration section */
		786363692B9B4AD300E61271 /* Debug */ = {
			isa = XCBuildConfiguration;
			buildSettings = {
				ALWAYS_SEARCH_USER_PATHS = NO;
				ASSETCATALOG_COMPILER_GENERATE_SWIFT_ASSET_SYMBOL_EXTENSIONS = YES;
				CLANG_ANALYZER_NONNULL = YES;
				CLANG_ANALYZER_NUMBER_OBJECT_CONVERSION = YES_AGGRESSIVE;
				CLANG_CXX_LANGUAGE_STANDARD = "gnu++20";
				CLANG_ENABLE_MODULES = YES;
				CLANG_ENABLE_OBJC_ARC = YES;
				CLANG_ENABLE_OBJC_WEAK = YES;
				CLANG_WARN_BLOCK_CAPTURE_AUTORELEASING = YES;
				CLANG_WARN_BOOL_CONVERSION = YES;
				CLANG_WARN_COMMA = YES;
				CLANG_WARN_CONSTANT_CONVERSION = YES;
				CLANG_WARN_DEPRECATED_OBJC_IMPLEMENTATIONS = YES;
				CLANG_WARN_DIRECT_OBJC_ISA_USAGE = YES_ERROR;
				CLANG_WARN_DOCUMENTATION_COMMENTS = YES;
				CLANG_WARN_EMPTY_BODY = YES;
				CLANG_WARN_ENUM_CONVERSION = YES;
				CLANG_WARN_INFINITE_RECURSION = YES;
				CLANG_WARN_INT_CONVERSION = YES;
				CLANG_WARN_NON_LITERAL_NULL_CONVERSION = YES;
				CLANG_WARN_OBJC_IMPLICIT_RETAIN_SELF = YES;
				CLANG_WARN_OBJC_LITERAL_CONVERSION = YES;
				CLANG_WARN_OBJC_ROOT_CLASS = YES_ERROR;
				CLANG_WARN_QUOTED_INCLUDE_IN_FRAMEWORK_HEADER = YES;
				CLANG_WARN_RANGE_LOOP_ANALYSIS = YES;
				CLANG_WARN_STRICT_PROTOTYPES = YES;
				CLANG_WARN_SUSPICIOUS_MOVE = YES;
				CLANG_WARN_UNGUARDED_AVAILABILITY = YES_AGGRESSIVE;
				CLANG_WARN_UNREACHABLE_CODE = YES;
				CLANG_WARN__DUPLICATE_METHOD_MATCH = YES;
				COPY_PHASE_STRIP = NO;
				DEBUG_INFORMATION_FORMAT = dwarf;
				ENABLE_STRICT_OBJC_MSGSEND = YES;
				ENABLE_TESTABILITY = YES;
				ENABLE_USER_SCRIPT_SANDBOXING = YES;
				GCC_C_LANGUAGE_STANDARD = gnu17;
				GCC_DYNAMIC_NO_PIC = NO;
				GCC_NO_COMMON_BLOCKS = YES;
				GCC_OPTIMIZATION_LEVEL = 0;
				GCC_PREPROCESSOR_DEFINITIONS = (
					"DEBUG=1",
					"$(inherited)",
				);
				GCC_WARN_64_TO_32_BIT_CONVERSION = YES;
				GCC_WARN_ABOUT_RETURN_TYPE = YES_ERROR;
				GCC_WARN_UNDECLARED_SELECTOR = YES;
				GCC_WARN_UNINITIALIZED_AUTOS = YES_AGGRESSIVE;
				GCC_WARN_UNUSED_FUNCTION = YES;
				GCC_WARN_UNUSED_VARIABLE = YES;
				IPHONEOS_DEPLOYMENT_TARGET = 17.2;
				LOCALIZATION_PREFERS_STRING_CATALOGS = YES;
				MTL_ENABLE_DEBUG_INFO = INCLUDE_SOURCE;
				MTL_FAST_MATH = YES;
				ONLY_ACTIVE_ARCH = YES;
				SDKROOT = iphoneos;
				SWIFT_ACTIVE_COMPILATION_CONDITIONS = "DEBUG $(inherited)";
				SWIFT_OPTIMIZATION_LEVEL = "-Onone";
			};
			name = Debug;
		};
		7863636A2B9B4AD300E61271 /* Release */ = {
			isa = XCBuildConfiguration;
			buildSettings = {
				ALWAYS_SEARCH_USER_PATHS = NO;
				ASSETCATALOG_COMPILER_GENERATE_SWIFT_ASSET_SYMBOL_EXTENSIONS = YES;
				CLANG_ANALYZER_NONNULL = YES;
				CLANG_ANALYZER_NUMBER_OBJECT_CONVERSION = YES_AGGRESSIVE;
				CLANG_CXX_LANGUAGE_STANDARD = "gnu++20";
				CLANG_ENABLE_MODULES = YES;
				CLANG_ENABLE_OBJC_ARC = YES;
				CLANG_ENABLE_OBJC_WEAK = YES;
				CLANG_WARN_BLOCK_CAPTURE_AUTORELEASING = YES;
				CLANG_WARN_BOOL_CONVERSION = YES;
				CLANG_WARN_COMMA = YES;
				CLANG_WARN_CONSTANT_CONVERSION = YES;
				CLANG_WARN_DEPRECATED_OBJC_IMPLEMENTATIONS = YES;
				CLANG_WARN_DIRECT_OBJC_ISA_USAGE = YES_ERROR;
				CLANG_WARN_DOCUMENTATION_COMMENTS = YES;
				CLANG_WARN_EMPTY_BODY = YES;
				CLANG_WARN_ENUM_CONVERSION = YES;
				CLANG_WARN_INFINITE_RECURSION = YES;
				CLANG_WARN_INT_CONVERSION = YES;
				CLANG_WARN_NON_LITERAL_NULL_CONVERSION = YES;
				CLANG_WARN_OBJC_IMPLICIT_RETAIN_SELF = YES;
				CLANG_WARN_OBJC_LITERAL_CONVERSION = YES;
				CLANG_WARN_OBJC_ROOT_CLASS = YES_ERROR;
				CLANG_WARN_QUOTED_INCLUDE_IN_FRAMEWORK_HEADER = YES;
				CLANG_WARN_RANGE_LOOP_ANALYSIS = YES;
				CLANG_WARN_STRICT_PROTOTYPES = YES;
				CLANG_WARN_SUSPICIOUS_MOVE = YES;
				CLANG_WARN_UNGUARDED_AVAILABILITY = YES_AGGRESSIVE;
				CLANG_WARN_UNREACHABLE_CODE = YES;
				CLANG_WARN__DUPLICATE_METHOD_MATCH = YES;
				COPY_PHASE_STRIP = NO;
				DEBUG_INFORMATION_FORMAT = "dwarf-with-dsym";
				ENABLE_NS_ASSERTIONS = NO;
				ENABLE_STRICT_OBJC_MSGSEND = YES;
				ENABLE_USER_SCRIPT_SANDBOXING = YES;
				GCC_C_LANGUAGE_STANDARD = gnu17;
				GCC_NO_COMMON_BLOCKS = YES;
				GCC_WARN_64_TO_32_BIT_CONVERSION = YES;
				GCC_WARN_ABOUT_RETURN_TYPE = YES_ERROR;
				GCC_WARN_UNDECLARED_SELECTOR = YES;
				GCC_WARN_UNINITIALIZED_AUTOS = YES_AGGRESSIVE;
				GCC_WARN_UNUSED_FUNCTION = YES;
				GCC_WARN_UNUSED_VARIABLE = YES;
				IPHONEOS_DEPLOYMENT_TARGET = 17.2;
				LOCALIZATION_PREFERS_STRING_CATALOGS = YES;
				MTL_ENABLE_DEBUG_INFO = NO;
				MTL_FAST_MATH = YES;
				SDKROOT = iphoneos;
				SWIFT_COMPILATION_MODE = wholemodule;
				VALIDATE_PRODUCT = YES;
			};
			name = Release;
		};
		7863636C2B9B4AD300E61271 /* Debug */ = {
			isa = XCBuildConfiguration;
			buildSettings = {
				ASSETCATALOG_COMPILER_APPICON_NAME = AppIcon;
				ASSETCATALOG_COMPILER_GLOBAL_ACCENT_COLOR_NAME = AccentColor;
				CODE_SIGN_STYLE = Automatic;
				CURRENT_PROJECT_VERSION = 1;
				DEVELOPMENT_ASSET_PATHS = "\"FurnitureScreen/Preview Content\"";
				DEVELOPMENT_TEAM = 3MQ43U9P4J;
				ENABLE_PREVIEWS = YES;
				GENERATE_INFOPLIST_FILE = YES;
				INFOPLIST_KEY_UIApplicationSceneManifest_Generation = YES;
				INFOPLIST_KEY_UIApplicationSupportsIndirectInputEvents = YES;
				INFOPLIST_KEY_UILaunchScreen_Generation = YES;
				INFOPLIST_KEY_UISupportedInterfaceOrientations_iPad = "UIInterfaceOrientationPortrait UIInterfaceOrientationPortraitUpsideDown UIInterfaceOrientationLandscapeLeft UIInterfaceOrientationLandscapeRight";
				INFOPLIST_KEY_UISupportedInterfaceOrientations_iPhone = "UIInterfaceOrientationPortrait UIInterfaceOrientationLandscapeLeft UIInterfaceOrientationLandscapeRight";
				LD_RUNPATH_SEARCH_PATHS = (
					"$(inherited)",
					"@executable_path/Frameworks",
				);
				MARKETING_VERSION = 1.0;
				PRODUCT_BUNDLE_IDENTIFIER = homeOffice.FurnitureScreen;
				PRODUCT_NAME = "$(TARGET_NAME)";
				SWIFT_EMIT_LOC_STRINGS = YES;
				SWIFT_VERSION = 5.0;
				TARGETED_DEVICE_FAMILY = "1,2";
			};
			name = Debug;
		};
		7863636D2B9B4AD300E61271 /* Release */ = {
			isa = XCBuildConfiguration;
			buildSettings = {
				ASSETCATALOG_COMPILER_APPICON_NAME = AppIcon;
				ASSETCATALOG_COMPILER_GLOBAL_ACCENT_COLOR_NAME = AccentColor;
				CODE_SIGN_STYLE = Automatic;
				CURRENT_PROJECT_VERSION = 1;
				DEVELOPMENT_ASSET_PATHS = "\"FurnitureScreen/Preview Content\"";
				DEVELOPMENT_TEAM = 3MQ43U9P4J;
				ENABLE_PREVIEWS = YES;
				GENERATE_INFOPLIST_FILE = YES;
				INFOPLIST_KEY_UIApplicationSceneManifest_Generation = YES;
				INFOPLIST_KEY_UIApplicationSupportsIndirectInputEvents = YES;
				INFOPLIST_KEY_UILaunchScreen_Generation = YES;
				INFOPLIST_KEY_UISupportedInterfaceOrientations_iPad = "UIInterfaceOrientationPortrait UIInterfaceOrientationPortraitUpsideDown UIInterfaceOrientationLandscapeLeft UIInterfaceOrientationLandscapeRight";
				INFOPLIST_KEY_UISupportedInterfaceOrientations_iPhone = "UIInterfaceOrientationPortrait UIInterfaceOrientationLandscapeLeft UIInterfaceOrientationLandscapeRight";
				LD_RUNPATH_SEARCH_PATHS = (
					"$(inherited)",
					"@executable_path/Frameworks",
				);
				MARKETING_VERSION = 1.0;
				PRODUCT_BUNDLE_IDENTIFIER = homeOffice.FurnitureScreen;
				PRODUCT_NAME = "$(TARGET_NAME)";
				SWIFT_EMIT_LOC_STRINGS = YES;
				SWIFT_VERSION = 5.0;
				TARGETED_DEVICE_FAMILY = "1,2";
			};
			name = Release;
		};
/* End XCBuildConfiguration section */

/* Begin XCConfigurationList section */
		786363582B9B4AD000E61271 /* Build configuration list for PBXProject "FurnitureScreen" */ = {
			isa = XCConfigurationList;
			buildConfigurations = (
				786363692B9B4AD300E61271 /* Debug */,
				7863636A2B9B4AD300E61271 /* Release */,
			);
			defaultConfigurationIsVisible = 0;
			defaultConfigurationName = Release;
		};
		7863636B2B9B4AD300E61271 /* Build configuration list for PBXNativeTarget "FurnitureScreen" */ = {
			isa = XCConfigurationList;
			buildConfigurations = (
				7863636C2B9B4AD300E61271 /* Debug */,
				7863636D2B9B4AD300E61271 /* Release */,
			);
			defaultConfigurationIsVisible = 0;
			defaultConfigurationName = Release;
		};
/* End XCConfigurationList section */
	};
	rootObject = 786363552B9B4AD000E61271 /* Project object */;
}
